
Microsoft Visual Studio Solution File, Format Version 12.00
Project("{FAE04EC0-301F-11D3-BF4B-00C04F79EFBC}") = "Client", "Client\Client.csproj", "{F7CB3BDE-06F9-456C-80CB-B86BCA8C6401}"
EndProject
Project("{FAE04EC0-301F-11D3-BF4B-00C04F79EFBC}") = "Server", "Server\Server.csproj", "{5409E055-C6C6-4064-AD6D-9E4F8BD83966}"
EndProject
Project("{FAE04EC0-301F-11D3-BF4B-00C04F79EFBC}") = "Domain", "Domain\Domain.csproj", "{6E9789C9-F996-46C6-8366-CD172953ED89}"
EndProject
Project("{FAE04EC0-301F-11D3-BF4B-00C04F79EFBC}") = "Repositories", "Repositories\Repositories.csproj", "{2888320C-6121-4EB3-A3F1-5C6A5D524C7E}"
EndProject
Project("{FAE04EC0-301F-11D3-BF4B-00C04F79EFBC}") = "SocketLibrary", "SocketLibrary\SocketLibrary.csproj", "{170E4525-E579-4820-96C6-D8FA3DC4793A}"
EndProject
Project("{FAE04EC0-301F-11D3-BF4B-00C04F79EFBC}") = "Services", "Services\Services.csproj", "{A9115253-B5F0-440F-86F6-34E1B60485A5}"
EndProject
Project("{FAE04EC0-301F-11D3-BF4B-00C04F79EFBC}") = "Exceptions", "Exceptions\Exceptions.csproj", "{93E4DAAD-E22E-485F-87C8-8B56A9F90D07}"
EndProject
Project("{FAE04EC0-301F-11D3-BF4B-00C04F79EFBC}") = "GrpcServer", "GrpcServer\GrpcServer.csproj", "{5A65CC5B-9B0A-48D2-A90B-2CB081F4DB98}"
EndProject
Project("{FAE04EC0-301F-11D3-BF4B-00C04F79EFBC}") = "WebApi", "WebApi\WebApi.csproj", "{33A797BD-5D25-45BD-9A3A-19E9A6C2DC9C}"
EndProject
Global
	GlobalSection(SolutionConfigurationPlatforms) = preSolution
		Debug|Any CPU = Debug|Any CPU
		Release|Any CPU = Release|Any CPU
	EndGlobalSection
	GlobalSection(ProjectConfigurationPlatforms) = postSolution
		{F7CB3BDE-06F9-456C-80CB-B86BCA8C6401}.Debug|Any CPU.ActiveCfg = Debug|Any CPU
		{F7CB3BDE-06F9-456C-80CB-B86BCA8C6401}.Debug|Any CPU.Build.0 = Debug|Any CPU
		{F7CB3BDE-06F9-456C-80CB-B86BCA8C6401}.Release|Any CPU.ActiveCfg = Release|Any CPU
		{F7CB3BDE-06F9-456C-80CB-B86BCA8C6401}.Release|Any CPU.Build.0 = Release|Any CPU
		{5409E055-C6C6-4064-AD6D-9E4F8BD83966}.Debug|Any CPU.ActiveCfg = Debug|Any CPU
		{5409E055-C6C6-4064-AD6D-9E4F8BD83966}.Debug|Any CPU.Build.0 = Debug|Any CPU
		{5409E055-C6C6-4064-AD6D-9E4F8BD83966}.Release|Any CPU.ActiveCfg = Release|Any CPU
		{5409E055-C6C6-4064-AD6D-9E4F8BD83966}.Release|Any CPU.Build.0 = Release|Any CPU
		{6E9789C9-F996-46C6-8366-CD172953ED89}.Debug|Any CPU.ActiveCfg = Debug|Any CPU
		{6E9789C9-F996-46C6-8366-CD172953ED89}.Debug|Any CPU.Build.0 = Debug|Any CPU
		{6E9789C9-F996-46C6-8366-CD172953ED89}.Release|Any CPU.ActiveCfg = Release|Any CPU
		{6E9789C9-F996-46C6-8366-CD172953ED89}.Release|Any CPU.Build.0 = Release|Any CPU
		{2888320C-6121-4EB3-A3F1-5C6A5D524C7E}.Debug|Any CPU.ActiveCfg = Debug|Any CPU
		{2888320C-6121-4EB3-A3F1-5C6A5D524C7E}.Debug|Any CPU.Build.0 = Debug|Any CPU
		{2888320C-6121-4EB3-A3F1-5C6A5D524C7E}.Release|Any CPU.ActiveCfg = Release|Any CPU
		{2888320C-6121-4EB3-A3F1-5C6A5D524C7E}.Release|Any CPU.Build.0 = Release|Any CPU
		{170E4525-E579-4820-96C6-D8FA3DC4793A}.Debug|Any CPU.ActiveCfg = Debug|Any CPU
		{170E4525-E579-4820-96C6-D8FA3DC4793A}.Debug|Any CPU.Build.0 = Debug|Any CPU
		{170E4525-E579-4820-96C6-D8FA3DC4793A}.Release|Any CPU.ActiveCfg = Release|Any CPU
		{170E4525-E579-4820-96C6-D8FA3DC4793A}.Release|Any CPU.Build.0 = Release|Any CPU
		{A9115253-B5F0-440F-86F6-34E1B60485A5}.Debug|Any CPU.ActiveCfg = Debug|Any CPU
		{A9115253-B5F0-440F-86F6-34E1B60485A5}.Debug|Any CPU.Build.0 = Debug|Any CPU
		{A9115253-B5F0-440F-86F6-34E1B60485A5}.Release|Any CPU.ActiveCfg = Release|Any CPU
		{A9115253-B5F0-440F-86F6-34E1B60485A5}.Release|Any CPU.Build.0 = Release|Any CPU
		{93E4DAAD-E22E-485F-87C8-8B56A9F90D07}.Debug|Any CPU.ActiveCfg = Debug|Any CPU
		{93E4DAAD-E22E-485F-87C8-8B56A9F90D07}.Debug|Any CPU.Build.0 = Debug|Any CPU
		{93E4DAAD-E22E-485F-87C8-8B56A9F90D07}.Release|Any CPU.ActiveCfg = Release|Any CPU
		{93E4DAAD-E22E-485F-87C8-8B56A9F90D07}.Release|Any CPU.Build.0 = Release|Any CPU
		{5A65CC5B-9B0A-48D2-A90B-2CB081F4DB98}.Debug|Any CPU.ActiveCfg = Debug|Any CPU
		{5A65CC5B-9B0A-48D2-A90B-2CB081F4DB98}.Debug|Any CPU.Build.0 = Debug|Any CPU
		{5A65CC5B-9B0A-48D2-A90B-2CB081F4DB98}.Release|Any CPU.ActiveCfg = Release|Any CPU
		{5A65CC5B-9B0A-48D2-A90B-2CB081F4DB98}.Release|Any CPU.Build.0 = Release|Any CPU
		{33A797BD-5D25-45BD-9A3A-19E9A6C2DC9C}.Debug|Any CPU.ActiveCfg = Debug|Any CPU
		{33A797BD-5D25-45BD-9A3A-19E9A6C2DC9C}.Debug|Any CPU.Build.0 = Debug|Any CPU
		{33A797BD-5D25-45BD-9A3A-19E9A6C2DC9C}.Release|Any CPU.ActiveCfg = Release|Any CPU
		{33A797BD-5D25-45BD-9A3A-19E9A6C2DC9C}.Release|Any CPU.Build.0 = Release|Any CPU
	EndGlobalSection
EndGlobal
