
Microsoft Visual Studio Solution File, Format Version 12.00
Project("{FAE04EC0-301F-11D3-BF4B-00C04F79EFBC}") = "InstaPhoto", "InstaPhoto\InstaPhoto.csproj", "{3E30FCC5-B199-4A53-B32A-05A9E954F9AF}"
EndProject
Project("{FAE04EC0-301F-11D3-BF4B-00C04F79EFBC}") = "Client", "Client\Client.csproj", "{F7CB3BDE-06F9-456C-80CB-B86BCA8C6401}"
EndProject
Project("{FAE04EC0-301F-11D3-BF4B-00C04F79EFBC}") = "Server", "Server\Server.csproj", "{5409E055-C6C6-4064-AD6D-9E4F8BD83966}"
EndProject
Project("{FAE04EC0-301F-11D3-BF4B-00C04F79EFBC}") = "Domain", "Domain\Domain.csproj", "{6E9789C9-F996-46C6-8366-CD172953ED89}"
EndProject
Project("{FAE04EC0-301F-11D3-BF4B-00C04F79EFBC}") = "SocketLibrary", "SocketLibrary\SocketLibrary.csproj", "{170E4525-E579-4820-96C6-D8FA3DC4793A}"
EndProject
Global
	GlobalSection(SolutionConfigurationPlatforms) = preSolution
		Debug|Any CPU = Debug|Any CPU
		Release|Any CPU = Release|Any CPU
	EndGlobalSection
	GlobalSection(ProjectConfigurationPlatforms) = postSolution
		{3E30FCC5-B199-4A53-B32A-05A9E954F9AF}.Debug|Any CPU.ActiveCfg = Debug|Any CPU
		{3E30FCC5-B199-4A53-B32A-05A9E954F9AF}.Debug|Any CPU.Build.0 = Debug|Any CPU
		{3E30FCC5-B199-4A53-B32A-05A9E954F9AF}.Release|Any CPU.ActiveCfg = Release|Any CPU
		{3E30FCC5-B199-4A53-B32A-05A9E954F9AF}.Release|Any CPU.Build.0 = Release|Any CPU
		{F7CB3BDE-06F9-456C-80CB-B86BCA8C6401}.Debug|Any CPU.ActiveCfg = Debug|Any CPU
		{F7CB3BDE-06F9-456C-80CB-B86BCA8C6401}.Debug|Any CPU.Build.0 = Debug|Any CPU
		{F7CB3BDE-06F9-456C-80CB-B86BCA8C6401}.Release|Any CPU.ActiveCfg = Release|Any CPU
		{F7CB3BDE-06F9-456C-80CB-B86BCA8C6401}.Release|Any CPU.Build.0 = Release|Any CPU
		{5409E055-C6C6-4064-AD6D-9E4F8BD83966}.Debug|Any CPU.ActiveCfg = Debug|Any CPU
		{5409E055-C6C6-4064-AD6D-9E4F8BD83966}.Debug|Any CPU.Build.0 = Debug|Any CPU
		{5409E055-C6C6-4064-AD6D-9E4F8BD83966}.Release|Any CPU.ActiveCfg = Release|Any CPU
		{5409E055-C6C6-4064-AD6D-9E4F8BD83966}.Release|Any CPU.Build.0 = Release|Any CPU
		{6E9789C9-F996-46C6-8366-CD172953ED89}.Debug|Any CPU.ActiveCfg = Debug|Any CPU
		{6E9789C9-F996-46C6-8366-CD172953ED89}.Debug|Any CPU.Build.0 = Debug|Any CPU
		{6E9789C9-F996-46C6-8366-CD172953ED89}.Release|Any CPU.ActiveCfg = Release|Any CPU
		{6E9789C9-F996-46C6-8366-CD172953ED89}.Release|Any CPU.Build.0 = Release|Any CPU
		{170E4525-E579-4820-96C6-D8FA3DC4793A}.Debug|Any CPU.ActiveCfg = Debug|Any CPU
		{170E4525-E579-4820-96C6-D8FA3DC4793A}.Debug|Any CPU.Build.0 = Debug|Any CPU
		{170E4525-E579-4820-96C6-D8FA3DC4793A}.Release|Any CPU.ActiveCfg = Release|Any CPU
		{170E4525-E579-4820-96C6-D8FA3DC4793A}.Release|Any CPU.Build.0 = Release|Any CPU
	EndGlobalSection
EndGlobal
